{
  "name": "midi-to-orca",
  "version": "1.0.0",
  "lockfileVersion": 1,
  "requires": true,
  "dependencies": {
    "@tonejs/midi": {
      "version": "2.0.7",
      "resolved": "https://registry.npmjs.org/@tonejs/midi/-/midi-2.0.7.tgz",
      "integrity": "sha512-Clh22AAhMoAVh5qfRqF4RGxBXzRqFKh0ist5Ppr+L/8dpEwWLJnWMEq3CrwHUI+B/gmFz2/i+TxuEywSUEuqMg==",
      "requires": {
        "array-flatten": "^2.1.2",
        "midi-file": "^1.1.1"
      }
    },
    "array-flatten": {
      "version": "2.1.2",
      "resolved": "https://registry.npmjs.org/array-flatten/-/array-flatten-2.1.2.tgz",
      "integrity": "sha512-hNfzcOV8W4NdualtqBFPyVO+54DSJuZGY9qT4pRroB6S9e3iiido2ISIC5h9R2sPJ8H3FHCIiEnsv1lPXO3KtQ=="
    },
    "jquery": {
      "version": "3.4.1",
      "resolved": "https://registry.npmjs.org/jquery/-/jquery-3.4.1.tgz",
      "integrity": "sha512-36+AdBzCL+y6qjw5Tx7HgzeGCzC81MDDgaUP8ld2zhx58HdqXGoBd+tHdrBMiyjGQs0Hxs/MLZTu/eHNJJuWPw=="
    },
    "midi-file": {
      "version": "1.1.1",
      "resolved": "https://registry.npmjs.org/midi-file/-/midi-file-1.1.1.tgz",
      "integrity": "sha512-HI6Y/kc9g1Af0OqMkTzI2AeGgPJMONgQcd/13gBf8C9BcUh7wa/AnXR1Fgl8SIuO7GJmFhSIACEWcwiAz2E2Pg=="
    }
  }
}
